<Solution>
  <Project Path="DevBridge.Engine/DevBridge.Engine.csproj" />
  <Project Path="DevBridge.Tests/DevBridge.Tests.csproj" />
  <Project Path="DevBridge.UI/DevBridge.UI.csproj" />
  <Project Path="DevBridge.UITests/DevBridge.UITests.csproj" />
  <Project Path="DevBridge.Workspace/DevBridge.Workspace.csproj" />
  <Project Path="DevBridge.Workspace.Tests/DevBridge.Workspace.Tests.csproj" />
  <Project Path="DevBridge.Workspace.Locking/DevBridge.Workspace.Locking.csproj" />
  <Project Path="DevBridge.Workspace.Locking.Tests/DevBridge.Workspace.Locking.Tests.csproj" />
</Solution>
